
Microsoft Visual Studio Solution File, Format Version 12.00
# Visual Studio Version 17
VisualStudioVersion = 17.14.36414.22 d17.14
MinimumVisualStudioVersion = 10.0.40219.1
Project("{FAE04EC0-301F-11D3-BF4B-00C04F79EFBC}") = "day06", "day06.csproj", "{F3BED94A-4713-432C-A221-73CC70378A56}"
EndProject
Global
	GlobalSection(SolutionConfigurationPlatforms) = preSolution
		Debug|Any CPU = Debug|Any CPU
		Release|Any CPU = Release|Any CPU
	EndGlobalSection
	GlobalSection(ProjectConfigurationPlatforms) = postSolution
		{F3BED94A-4713-432C-A221-73CC70378A56}.Debug|Any CPU.ActiveCfg = Debug|Any CPU
		{F3BED94A-4713-432C-A221-73CC70378A56}.Debug|Any CPU.Build.0 = Debug|Any CPU
		{F3BED94A-4713-432C-A221-73CC70378A56}.Release|Any CPU.ActiveCfg = Release|Any CPU
		{F3BED94A-4713-432C-A221-73CC70378A56}.Release|Any CPU.Build.0 = Release|Any CPU
	EndGlobalSection
	GlobalSection(SolutionProperties) = preSolution
		HideSolutionNode = FALSE
	EndGlobalSection
	GlobalSection(ExtensibilityGlobals) = postSolution
		SolutionGuid = {427C4EBA-7B7C-4425-9D45-BECBAF9A6E8E}
	EndGlobalSection
EndGlobal
