
Microsoft Visual Studio Solution File, Format Version 12.00
# Visual Studio Version 17
VisualStudioVersion = 17.14.36414.22 d17.14
MinimumVisualStudioVersion = 10.0.40219.1
Project("{FAE04EC0-301F-11D3-BF4B-00C04F79EFBC}") = "day05", "day05.csproj", "{123C1E38-F590-4A83-BDC3-D2209DC7F8BC}"
EndProject
Global
	GlobalSection(SolutionConfigurationPlatforms) = preSolution
		Debug|Any CPU = Debug|Any CPU
		Release|Any CPU = Release|Any CPU
	EndGlobalSection
	GlobalSection(ProjectConfigurationPlatforms) = postSolution
		{123C1E38-F590-4A83-BDC3-D2209DC7F8BC}.Debug|Any CPU.ActiveCfg = Debug|Any CPU
		{123C1E38-F590-4A83-BDC3-D2209DC7F8BC}.Debug|Any CPU.Build.0 = Debug|Any CPU
		{123C1E38-F590-4A83-BDC3-D2209DC7F8BC}.Release|Any CPU.ActiveCfg = Release|Any CPU
		{123C1E38-F590-4A83-BDC3-D2209DC7F8BC}.Release|Any CPU.Build.0 = Release|Any CPU
	EndGlobalSection
	GlobalSection(SolutionProperties) = preSolution
		HideSolutionNode = FALSE
	EndGlobalSection
	GlobalSection(ExtensibilityGlobals) = postSolution
		SolutionGuid = {E0565CF0-173E-48B2-8A91-1363A5ED0D64}
	EndGlobalSection
EndGlobal
